// !$*UTF8*$!
{
	archiveVersion = 1;
	classes = {
	};
	objectVersion = 50;
	objects = {

/* Begin PBXBuildFile section */
		06BE52BD252717DF0091AE8A /* AppDelegate.swift in Sources */ = {isa = PBXBuildFile; fileRef = 06BE52BC252717DF0091AE8A /* AppDelegate.swift */; };
		06BE52BF252717DF0091AE8A /* SceneDelegate.swift in Sources */ = {isa = PBXBuildFile; fileRef = 06BE52BE252717DF0091AE8A /* SceneDelegate.swift */; };
		06BE52C1252717DF0091AE8A /* ViewController.swift in Sources */ = {isa = PBXBuildFile; fileRef = 06BE52C0252717DF0091AE8A /* ViewController.swift */; };
		06BE52C4252717DF0091AE8A /* Main.storyboard in Resources */ = {isa = PBXBuildFile; fileRef = 06BE52C2252717DF0091AE8A /* Main.storyboard */; };
		06BE52C6252717E10091AE8A /* Assets.xcassets in Resources */ = {isa = PBXBuildFile; fileRef = 06BE52C5252717E10091AE8A /* Assets.xcassets */; };
		06BE52C9252717E10091AE8A /* LaunchScreen.storyboard in Resources */ = {isa = PBXBuildFile; fileRef = 06BE52C7252717E10091AE8A /* LaunchScreen.storyboard */; };
		06BE52D4252717E10091AE8A /* Calculator_AppTests.swift in Sources */ = {isa = PBXBuildFile; fileRef = 06BE52D3252717E10091AE8A /* Calculator_AppTests.swift */; };
		06BE52DF252717E10091AE8A /* Calculator_AppUITests.swift in Sources */ = {isa = PBXBuildFile; fileRef = 06BE52DE252717E10091AE8A /* Calculator_AppUITests.swift */; };
/* End PBXBuildFile section */

/* Begin PBXContainerItemProxy section */
		06BE52D0252717E10091AE8A /* PBXContainerItemProxy */ = {
			isa = PBXContainerItemProxy;
			containerPortal = 06BE52B1252717DF0091AE8A /* Project object */;
			proxyType = 1;
			remoteGlobalIDString = 06BE52B8252717DF0091AE8A;
			remoteInfo = "Calculator App";
		};
		06BE52DB252717E10091AE8A /* PBXContainerItemProxy */ = {
			isa = PBXContainerItemProxy;
			containerPortal = 06BE52B1252717DF0091AE8A /* Project object */;
			proxyType = 1;
			remoteGlobalIDString = 06BE52B8252717DF0091AE8A;
			remoteInfo = "Calculator App";
		};
/* End PBXContainerItemProxy section */

/* Begin PBXFileReference section */
		06BE52B9252717DF0091AE8A /* Calculator App.app */ = {isa = PBXFileReference; explicitFileType = wrapper.application; includeInIndex = 0; path = "Calculator App.app"; sourceTree = BUILT_PRODUCTS_DIR; };
		06BE52BC252717DF0091AE8A /* AppDelegate.swift */ = {isa = PBXFileReference; lastKnownFileType = sourcecode.swift; path = AppDelegate.swift; sourceTree = "<group>"; };
		06BE52BE252717DF0091AE8A /* SceneDelegate.swift */ = {isa = PBXFileReference; lastKnownFileType = sourcecode.swift; path = SceneDelegate.swift; sourceTree = "<group>"; };
		06BE52C0252717DF0091AE8A /* ViewController.swift */ = {isa = PBXFileReference; lastKnownFileType = sourcecode.swift; path = ViewController.swift; sourceTree = "<group>"; };
		06BE52C3252717DF0091AE8A /* Base */ = {isa = PBXFileReference; lastKnownFileType = file.storyboard; name = Base; path = Base.lproj/Main.storyboard; sourceTree = "<group>"; };
		06BE52C5252717E10091AE8A /* Assets.xcassets */ = {isa = PBXFileReference; lastKnownFileType = folder.assetcatalog; path = Assets.xcassets; sourceTree = "<group>"; };
		06BE52C8252717E10091AE8A /* Base */ = {isa = PBXFileReference; lastKnownFileType = file.storyboard; name = Base; path = Base.lproj/LaunchScreen.storyboard; sourceTree = "<group>"; };
		06BE52CA252717E10091AE8A /* Info.plist */ = {isa = PBXFileReference; lastKnownFileType = text.plist.xml; path = Info.plist; sourceTree = "<group>"; };
		06BE52CF252717E10091AE8A /* Calculator AppTests.xctest */ = {isa = PBXFileReference; explicitFileType = wrapper.cfbundle; includeInIndex = 0; path = "Calculator AppTests.xctest"; sourceTree = BUILT_PRODUCTS_DIR; };
		06BE52D3252717E10091AE8A /* Calculator_AppTests.swift */ = {isa = PBXFileReference; lastKnownFileType = sourcecode.swift; path = Calculator_AppTests.swift; sourceTree = "<group>"; };
		06BE52D5252717E10091AE8A /* Info.plist */ = {isa = PBXFileReference; lastKnownFileType = text.plist.xml; path = Info.plist; sourceTree = "<group>"; };
		06BE52DA252717E10091AE8A /* Calculator AppUITests.xctest */ = {isa = PBXFileReference; explicitFileType = wrapper.cfbundle; includeInIndex = 0; path = "Calculator AppUITests.xctest"; sourceTree = BUILT_PRODUCTS_DIR; };
		06BE52DE252717E10091AE8A /* Calculator_AppUITests.swift */ = {isa = PBXFileReference; lastKnownFileType = sourcecode.swift; path = Calculator_AppUITests.swift; sourceTree = "<group>"; };
		06BE52E0252717E10091AE8A /* Info.plist */ = {isa = PBXFileReference; lastKnownFileType = text.plist.xml; path = Info.plist; sourceTree = "<group>"; };
/* End PBXFileReference section */

/* Begin PBXFrameworksBuildPhase section */
		06BE52B6252717DF0091AE8A /* Frameworks */ = {
			isa = PBXFrameworksBuildPhase;
			buildActionMask = 2147483647;
			files = (
			);
			runOnlyForDeploymentPostprocessing = 0;
		};
		06BE52CC252717E10091AE8A /* Frameworks */ = {
			isa = PBXFrameworksBuildPhase;
			buildActionMask = 2147483647;
			files = (
			);
			runOnlyForDeploymentPostprocessing = 0;
		};
		06BE52D7252717E10091AE8A /* Frameworks */ = {
			isa = PBXFrameworksBuildPhase;
			buildActionMask = 2147483647;
			files = (
			);
			runOnlyForDeploymentPostprocessing = 0;
		};
/* End PBXFrameworksBuildPhase section */

/* Begin PBXGroup section */
		06BE52B0252717DF0091AE8A = {
			isa = PBXGroup;
			children = (
				06BE52BB252717DF0091AE8A /* Calculator App */,
				06BE52D2252717E10091AE8A /* Calculator AppTests */,
				06BE52DD252717E10091AE8A /* Calculator AppUITests */,
				06BE52BA252717DF0091AE8A /* Products */,
			);
			sourceTree = "<group>";
		};
		06BE52BA252717DF0091AE8A /* Products */ = {
			isa = PBXGroup;
			children = (
				06BE52B9252717DF0091AE8A /* Calculator App.app */,
				06BE52CF252717E10091AE8A /* Calculator AppTests.xctest */,
				06BE52DA252717E10091AE8A /* Calculator AppUITests.xctest */,
			);
			name = Products;
			sourceTree = "<group>";
		};
		06BE52BB252717DF0091AE8A /* Calculator App */ = {
			isa = PBXGroup;
			children = (
				06BE52BC252717DF0091AE8A /* AppDelegate.swift */,
				06BE52BE252717DF0091AE8A /* SceneDelegate.swift */,
				06BE52C0252717DF0091AE8A /* ViewController.swift */,
				06BE52C2252717DF0091AE8A /* Main.storyboard */,
				06BE52C5252717E10091AE8A /* Assets.xcassets */,
				06BE52C7252717E10091AE8A /* LaunchScreen.storyboard */,
				06BE52CA252717E10091AE8A /* Info.plist */,
			);
			path = "Calculator App";
			sourceTree = "<group>";
		};
		06BE52D2252717E10091AE8A /* Calculator AppTests */ = {
			isa = PBXGroup;
			children = (
				06BE52D3252717E10091AE8A /* Calculator_AppTests.swift */,
				06BE52D5252717E10091AE8A /* Info.plist */,
			);
			path = "Calculator AppTests";
			sourceTree = "<group>";
		};
		06BE52DD252717E10091AE8A /* Calculator AppUITests */ = {
			isa = PBXGroup;
			children = (
				06BE52DE252717E10091AE8A /* Calculator_AppUITests.swift */,
				06BE52E0252717E10091AE8A /* Info.plist */,
			);
			path = "Calculator AppUITests";
			sourceTree = "<group>";
		};
/* End PBXGroup section */

/* Begin PBXNativeTarget section */
		06BE52B8252717DF0091AE8A /* Calculator App */ = {
			isa = PBXNativeTarget;
			buildConfigurationList = 06BE52E3252717E10091AE8A /* Build configuration list for PBXNativeTarget "Calculator App" */;
			buildPhases = (
				06BE52B5252717DF0091AE8A /* Sources */,
				06BE52B6252717DF0091AE8A /* Frameworks */,
				06BE52B7252717DF0091AE8A /* Resources */,
			);
			buildRules = (
			);
			dependencies = (
			);
			name = "Calculator App";
			productName = "Calculator App";
			productReference = 06BE52B9252717DF0091AE8A /* Calculator App.app */;
			productType = "com.apple.product-type.application";
		};
		06BE52CE252717E10091AE8A /* Calculator AppTests */ = {
			isa = PBXNativeTarget;
			buildConfigurationList = 06BE52E6252717E10091AE8A /* Build configuration list for PBXNativeTarget "Calculator AppTests" */;
			buildPhases = (
				06BE52CB252717E10091AE8A /* Sources */,
				06BE52CC252717E10091AE8A /* Frameworks */,
				06BE52CD252717E10091AE8A /* Resources */,
			);
			buildRules = (
			);
			dependencies = (
				06BE52D1252717E10091AE8A /* PBXTargetDependency */,
			);
			name = "Calculator AppTests";
			productName = "Calculator AppTests";
			productReference = 06BE52CF252717E10091AE8A /* Calculator AppTests.xctest */;
			productType = "com.apple.product-type.bundle.unit-test";
		};
		06BE52D9252717E10091AE8A /* Calculator AppUITests */ = {
			isa = PBXNativeTarget;
			buildConfigurationList = 06BE52E9252717E10091AE8A /* Build configuration list for PBXNativeTarget "Calculator AppUITests" */;
			buildPhases = (
				06BE52D6252717E10091AE8A /* Sources */,
				06BE52D7252717E10091AE8A /* Frameworks */,
				06BE52D8252717E10091AE8A /* Resources */,
			);
			buildRules = (
			);
			dependencies = (
				06BE52DC252717E10091AE8A /* PBXTargetDependency */,
			);
			name = "Calculator AppUITests";
			productName = "Calculator AppUITests";
			productReference = 06BE52DA252717E10091AE8A /* Calculator AppUITests.xctest */;
			productType = "com.apple.product-type.bundle.ui-testing";
		};
/* End PBXNativeTarget section */

/* Begin PBXProject section */
		06BE52B1252717DF0091AE8A /* Project object */ = {
			isa = PBXProject;
			attributes = {
				LastSwiftUpdateCheck = 1160;
				LastUpgradeCheck = 1160;
				ORGANIZATIONNAME = "Vital Vortex";
				TargetAttributes = {
					06BE52B8252717DF0091AE8A = {
						CreatedOnToolsVersion = 11.6;
					};
					06BE52CE252717E10091AE8A = {
						CreatedOnToolsVersion = 11.6;
						TestTargetID = 06BE52B8252717DF0091AE8A;
					};
					06BE52D9252717E10091AE8A = {
						CreatedOnToolsVersion = 11.6;
						TestTargetID = 06BE52B8252717DF0091AE8A;
					};
				};
			};
			buildConfigurationList = 06BE52B4252717DF0091AE8A /* Build configuration list for PBXProject "Calculator App" */;
			compatibilityVersion = "Xcode 9.3";
			developmentRegion = en;
			hasScannedForEncodings = 0;
			knownRegions = (
				en,
				Base,
			);
			mainGroup = 06BE52B0252717DF0091AE8A;
			productRefGroup = 06BE52BA252717DF0091AE8A /* Products */;
			projectDirPath = "";
			projectRoot = "";
			targets = (
				06BE52B8252717DF0091AE8A /* Calculator App */,
				06BE52CE252717E10091AE8A /* Calculator AppTests */,
				06BE52D9252717E10091AE8A /* Calculator AppUITests */,
			);
		};
/* End PBXProject section */

/* Begin PBXResourcesBuildPhase section */
		06BE52B7252717DF0091AE8A /* Resources */ = {
			isa = PBXResourcesBuildPhase;
			buildActionMask = 2147483647;
			files = (
				06BE52C9252717E10091AE8A /* LaunchScreen.storyboard in Resources */,
				06BE52C6252717E10091AE8A /* Assets.xcassets in Resources */,
				06BE52C4252717DF0091AE8A /* Main.storyboard in Resources */,
			);
			runOnlyForDeploymentPostprocessing = 0;
		};
		06BE52CD252717E10091AE8A /* Resources */ = {
			isa = PBXResourcesBuildPhase;
			buildActionMask = 2147483647;
			files = (
			);
			runOnlyForDeploymentPostprocessing = 0;
		};
		06BE52D8252717E10091AE8A /* Resources */ = {
			isa = PBXResourcesBuildPhase;
			buildActionMask = 2147483647;
			files = (
			);
			runOnlyForDeploymentPostprocessing = 0;
		};
/* End PBXResourcesBuildPhase section */

/* Begin PBXSourcesBuildPhase section */
		06BE52B5252717DF0091AE8A /* Sources */ = {
			isa = PBXSourcesBuildPhase;
			buildActionMask = 2147483647;
			files = (
				06BE52C1252717DF0091AE8A /* ViewController.swift in Sources */,
				06BE52BD252717DF0091AE8A /* AppDelegate.swift in Sources */,
				06BE52BF252717DF0091AE8A /* SceneDelegate.swift in Sources */,
			);
			runOnlyForDeploymentPostprocessing = 0;
		};
		06BE52CB252717E10091AE8A /* Sources */ = {
			isa = PBXSourcesBuildPhase;
			buildActionMask = 2147483647;
			files = (
				06BE52D4252717E10091AE8A /* Calculator_AppTests.swift in Sources */,
			);
			runOnlyForDeploymentPostprocessing = 0;
		};
		06BE52D6252717E10091AE8A /* Sources */ = {
			isa = PBXSourcesBuildPhase;
			buildActionMask = 2147483647;
			files = (
				06BE52DF252717E10091AE8A /* Calculator_AppUITests.swift in Sources */,
			);
			runOnlyForDeploymentPostprocessing = 0;
		};
/* End PBXSourcesBuildPhase section */

/* Begin PBXTargetDependency section */
		06BE52D1252717E10091AE8A /* PBXTargetDependency */ = {
			isa = PBXTargetDependency;
			target = 06BE52B8252717DF0091AE8A /* Calculator App */;
			targetProxy = 06BE52D0252717E10091AE8A /* PBXContainerItemProxy */;
		};
		06BE52DC252717E10091AE8A /* PBXTargetDependency */ = {
			isa = PBXTargetDependency;
			target = 06BE52B8252717DF0091AE8A /* Calculator App */;
			targetProxy = 06BE52DB252717E10091AE8A /* PBXContainerItemProxy */;
		};
/* End PBXTargetDependency section */

/* Begin PBXVariantGroup section */
		06BE52C2252717DF0091AE8A /* Main.storyboard */ = {
			isa = PBXVariantGroup;
			children = (
				06BE52C3252717DF0091AE8A /* Base */,
			);
			name = Main.storyboard;
			sourceTree = "<group>";
		};
		06BE52C7252717E10091AE8A /* LaunchScreen.storyboard */ = {
			isa = PBXVariantGroup;
			children = (
				06BE52C8252717E10091AE8A /* Base */,
			);
			name = LaunchScreen.storyboard;
			sourceTree = "<group>";
		};
/* End PBXVariantGroup section */

/* Begin XCBuildConfiguration section */
		06BE52E1252717E10091AE8A /* Debug */ = {
			isa = XCBuildConfiguration;
			buildSettings = {
				ALWAYS_SEARCH_USER_PATHS = NO;
				CLANG_ANALYZER_NONNULL = YES;
				CLANG_ANALYZER_NUMBER_OBJECT_CONVERSION = YES_AGGRESSIVE;
				CLANG_CXX_LANGUAGE_STANDARD = "gnu++14";
				CLANG_CXX_LIBRARY = "libc++";
				CLANG_ENABLE_MODULES = YES;
				CLANG_ENABLE_OBJC_ARC = YES;
				CLANG_ENABLE_OBJC_WEAK = YES;
				CLANG_WARN_BLOCK_CAPTURE_AUTORELEASING = YES;
				CLANG_WARN_BOOL_CONVERSION = YES;
				CLANG_WARN_COMMA = YES;
				CLANG_WARN_CONSTANT_CONVERSION = YES;
				CLANG_WARN_DEPRECATED_OBJC_IMPLEMENTATIONS = YES;
				CLANG_WARN_DIRECT_OBJC_ISA_USAGE = YES_ERROR;
				CLANG_WARN_DOCUMENTATION_COMMENTS = YES;
				CLANG_WARN_EMPTY_BODY = YES;
				CLANG_WARN_ENUM_CONVERSION = YES;
				CLANG_WARN_INFINITE_RECURSION = YES;
				CLANG_WARN_INT_CONVERSION = YES;
				CLANG_WARN_NON_LITERAL_NULL_CONVERSION = YES;
				CLANG_WARN_OBJC_IMPLICIT_RETAIN_SELF = YES;
				CLANG_WARN_OBJC_LITERAL_CONVERSION = YES;
				CLANG_WARN_OBJC_ROOT_CLASS = YES_ERROR;
				CLANG_WARN_RANGE_LOOP_ANALYSIS = YES;
				CLANG_WARN_STRICT_PROTOTYPES = YES;
				CLANG_WARN_SUSPICIOUS_MOVE = YES;
				CLANG_WARN_UNGUARDED_AVAILABILITY = YES_AGGRESSIVE;
				CLANG_WARN_UNREACHABLE_CODE = YES;
				CLANG_WARN__DUPLICATE_METHOD_MATCH = YES;
				COPY_PHASE_STRIP = NO;
				DEBUG_INFORMATION_FORMAT = dwarf;
				ENABLE_STRICT_OBJC_MSGSEND = YES;
				ENABLE_TESTABILITY = YES;
				GCC_C_LANGUAGE_STANDARD = gnu11;
				GCC_DYNAMIC_NO_PIC = NO;
				GCC_NO_COMMON_BLOCKS = YES;
				GCC_OPTIMIZATION_LEVEL = 0;
				GCC_PREPROCESSOR_DEFINITIONS = (
					"DEBUG=1",
					"$(inherited)",
				);
				GCC_WARN_64_TO_32_BIT_CONVERSION = YES;
				GCC_WARN_ABOUT_RETURN_TYPE = YES_ERROR;
				GCC_WARN_UNDECLARED_SELECTOR = YES;
				GCC_WARN_UNINITIALIZED_AUTOS = YES_AGGRESSIVE;
				GCC_WARN_UNUSED_FUNCTION = YES;
				GCC_WARN_UNUSED_VARIABLE = YES;
				IPHONEOS_DEPLOYMENT_TARGET = 13.6;
				MTL_ENABLE_DEBUG_INFO = INCLUDE_SOURCE;
				MTL_FAST_MATH = YES;
				ONLY_ACTIVE_ARCH = YES;
				SDKROOT = iphoneos;
				SWIFT_ACTIVE_COMPILATION_CONDITIONS = DEBUG;
				SWIFT_OPTIMIZATION_LEVEL = "-Onone";
			};
			name = Debug;
		};
		06BE52E2252717E10091AE8A /* Release */ = {
			isa = XCBuildConfiguration;
			buildSettings = {
				ALWAYS_SEARCH_USER_PATHS = NO;
				CLANG_ANALYZER_NONNULL = YES;
				CLANG_ANALYZER_NUMBER_OBJECT_CONVERSION = YES_AGGRESSIVE;
				CLANG_CXX_LANGUAGE_STANDARD = "gnu++14";
				CLANG_CXX_LIBRARY = "libc++";
				CLANG_ENABLE_MODULES = YES;
				CLANG_ENABLE_OBJC_ARC = YES;
				CLANG_ENABLE_OBJC_WEAK = YES;
				CLANG_WARN_BLOCK_CAPTURE_AUTORELEASING = YES;
				CLANG_WARN_BOOL_CONVERSION = YES;
				CLANG_WARN_COMMA = YES;
				CLANG_WARN_CONSTANT_CONVERSION = YES;
				CLANG_WARN_DEPRECATED_OBJC_IMPLEMENTATIONS = YES;
				CLANG_WARN_DIRECT_OBJC_ISA_USAGE = YES_ERROR;
				CLANG_WARN_DOCUMENTATION_COMMENTS = YES;
				CLANG_WARN_EMPTY_BODY = YES;
				CLANG_WARN_ENUM_CONVERSION = YES;
				CLANG_WARN_INFINITE_RECURSION = YES;
				CLANG_WARN_INT_CONVERSION = YES;
				CLANG_WARN_NON_LITERAL_NULL_CONVERSION = YES;
				CLANG_WARN_OBJC_IMPLICIT_RETAIN_SELF = YES;
				CLANG_WARN_OBJC_LITERAL_CONVERSION = YES;
				CLANG_WARN_OBJC_ROOT_CLASS = YES_ERROR;
				CLANG_WARN_RANGE_LOOP_ANALYSIS = YES;
				CLANG_WARN_STRICT_PROTOTYPES = YES;
				CLANG_WARN_SUSPICIOUS_MOVE = YES;
				CLANG_WARN_UNGUARDED_AVAILABILITY = YES_AGGRESSIVE;
				CLANG_WARN_UNREACHABLE_CODE = YES;
				CLANG_WARN__DUPLICATE_METHOD_MATCH = YES;
				COPY_PHASE_STRIP = NO;
				DEBUG_INFORMATION_FORMAT = "dwarf-with-dsym";
				ENABLE_NS_ASSERTIONS = NO;
				ENABLE_STRICT_OBJC_MSGSEND = YES;
				GCC_C_LANGUAGE_STANDARD = gnu11;
				GCC_NO_COMMON_BLOCKS = YES;
				GCC_WARN_64_TO_32_BIT_CONVERSION = YES;
				GCC_WARN_ABOUT_RETURN_TYPE = YES_ERROR;
				GCC_WARN_UNDECLARED_SELECTOR = YES;
				GCC_WARN_UNINITIALIZED_AUTOS = YES_AGGRESSIVE;
				GCC_WARN_UNUSED_FUNCTION = YES;
				GCC_WARN_UNUSED_VARIABLE = YES;
				IPHONEOS_DEPLOYMENT_TARGET = 13.6;
				MTL_ENABLE_DEBUG_INFO = NO;
				MTL_FAST_MATH = YES;
				SDKROOT = iphoneos;
				SWIFT_COMPILATION_MODE = wholemodule;
				SWIFT_OPTIMIZATION_LEVEL = "-O";
				VALIDATE_PRODUCT = YES;
			};
			name = Release;
		};
		06BE52E4252717E10091AE8A /* Debug */ = {
			isa = XCBuildConfiguration;
			buildSettings = {
				ASSETCATALOG_COMPILER_APPICON_NAME = AppIcon;
				CODE_SIGN_STYLE = Automatic;
				INFOPLIST_FILE = "Calculator App/Info.plist";
				LD_RUNPATH_SEARCH_PATHS = (
					"$(inherited)",
					"@executable_path/Frameworks",
				);
				PRODUCT_BUNDLE_IDENTIFIER = "com.vitalvortex.MyApp.Calculator-App";
				PRODUCT_NAME = "$(TARGET_NAME)";
				SWIFT_VERSION = 5.0;
				TARGETED_DEVICE_FAMILY = "1,2";
			};
			name = Debug;
		};
		06BE52E5252717E10091AE8A /* Release */ = {
			isa = XCBuildConfiguration;
			buildSettings = {
				ASSETCATALOG_COMPILER_APPICON_NAME = AppIcon;
				CODE_SIGN_STYLE = Automatic;
				INFOPLIST_FILE = "Calculator App/Info.plist";
				LD_RUNPATH_SEARCH_PATHS = (
					"$(inherited)",
					"@executable_path/Frameworks",
				);
				PRODUCT_BUNDLE_IDENTIFIER = "com.vitalvortex.MyApp.Calculator-App";
				PRODUCT_NAME = "$(TARGET_NAME)";
				SWIFT_VERSION = 5.0;
				TARGETED_DEVICE_FAMILY = "1,2";
			};
			name = Release;
		};
		06BE52E7252717E10091AE8A /* Debug */ = {
			isa = XCBuildConfiguration;
			buildSettings = {
				ALWAYS_EMBED_SWIFT_STANDARD_LIBRARIES = YES;
				BUNDLE_LOADER = "$(TEST_HOST)";
				CODE_SIGN_STYLE = Automatic;
				INFOPLIST_FILE = "Calculator AppTests/Info.plist";
				IPHONEOS_DEPLOYMENT_TARGET = 13.6;
				LD_RUNPATH_SEARCH_PATHS = (
					"$(inherited)",
					"@executable_path/Frameworks",
					"@loader_path/Frameworks",
				);
				PRODUCT_BUNDLE_IDENTIFIER = "com.vitalvortex.MyApp.Calculator-AppTests";
				PRODUCT_NAME = "$(TARGET_NAME)";
				SWIFT_VERSION = 5.0;
				TARGETED_DEVICE_FAMILY = "1,2";
				TEST_HOST = "$(BUILT_PRODUCTS_DIR)/Calculator App.app/Calculator App";
			};
			name = Debug;
		};
		06BE52E8252717E10091AE8A /* Release */ = {
			isa = XCBuildConfiguration;
			buildSettings = {
				ALWAYS_EMBED_SWIFT_STANDARD_LIBRARIES = YES;
				BUNDLE_LOADER = "$(TEST_HOST)";
				CODE_SIGN_STYLE = Automatic;
				INFOPLIST_FILE = "Calculator AppTests/Info.plist";
				IPHONEOS_DEPLOYMENT_TARGET = 13.6;
				LD_RUNPATH_SEARCH_PATHS = (
					"$(inherited)",
					"@executable_path/Frameworks",
					"@loader_path/Frameworks",
				);
				PRODUCT_BUNDLE_IDENTIFIER = "com.vitalvortex.MyApp.Calculator-AppTests";
				PRODUCT_NAME = "$(TARGET_NAME)";
				SWIFT_VERSION = 5.0;
				TARGETED_DEVICE_FAMILY = "1,2";
				TEST_HOST = "$(BUILT_PRODUCTS_DIR)/Calculator App.app/Calculator App";
			};
			name = Release;
		};
		06BE52EA252717E10091AE8A /* Debug */ = {
			isa = XCBuildConfiguration;
			buildSettings = {
				ALWAYS_EMBED_SWIFT_STANDARD_LIBRARIES = YES;
				CODE_SIGN_STYLE = Automatic;
				INFOPLIST_FILE = "Calculator AppUITests/Info.plist";
				LD_RUNPATH_SEARCH_PATHS = (
					"$(inherited)",
					"@executable_path/Frameworks",
					"@loader_path/Frameworks",
				);
				PRODUCT_BUNDLE_IDENTIFIER = "com.vitalvortex.MyApp.Calculator-AppUITests";
				PRODUCT_NAME = "$(TARGET_NAME)";
				SWIFT_VERSION = 5.0;
				TARGETED_DEVICE_FAMILY = "1,2";
				TEST_TARGET_NAME = "Calculator App";
			};
			name = Debug;
		};
		06BE52EB252717E10091AE8A /* Release */ = {
			isa = XCBuildConfiguration;
			buildSettings = {
				ALWAYS_EMBED_SWIFT_STANDARD_LIBRARIES = YES;
				CODE_SIGN_STYLE = Automatic;
				INFOPLIST_FILE = "Calculator AppUITests/Info.plist";
				LD_RUNPATH_SEARCH_PATHS = (
					"$(inherited)",
					"@executable_path/Frameworks",
					"@loader_path/Frameworks",
				);
				PRODUCT_BUNDLE_IDENTIFIER = "com.vitalvortex.MyApp.Calculator-AppUITests";
				PRODUCT_NAME = "$(TARGET_NAME)";
				SWIFT_VERSION = 5.0;
				TARGETED_DEVICE_FAMILY = "1,2";
				TEST_TARGET_NAME = "Calculator App";
			};
			name = Release;
		};
/* End XCBuildConfiguration section */

/* Begin XCConfigurationList section */
		06BE52B4252717DF0091AE8A /* Build configuration list for PBXProject "Calculator App" */ = {
			isa = XCConfigurationList;
			buildConfigurations = (
				06BE52E1252717E10091AE8A /* Debug */,
				06BE52E2252717E10091AE8A /* Release */,
			);
			defaultConfigurationIsVisible = 0;
			defaultConfigurationName = Release;
		};
		06BE52E3252717E10091AE8A /* Build configuration list for PBXNativeTarget "Calculator App" */ = {
			isa = XCConfigurationList;
			buildConfigurations = (
				06BE52E4252717E10091AE8A /* Debug */,
				06BE52E5252717E10091AE8A /* Release */,
			);
			defaultConfigurationIsVisible = 0;
			defaultConfigurationName = Release;
		};
		06BE52E6252717E10091AE8A /* Build configuration list for PBXNativeTarget "Calculator AppTests" */ = {
			isa = XCConfigurationList;
			buildConfigurations = (
				06BE52E7252717E10091AE8A /* Debug */,
				06BE52E8252717E10091AE8A /* Release */,
			);
			defaultConfigurationIsVisible = 0;
			defaultConfigurationName = Release;
		};
		06BE52E9252717E10091AE8A /* Build configuration list for PBXNativeTarget "Calculator AppUITests" */ = {
			isa = XCConfigurationList;
			buildConfigurations = (
				06BE52EA252717E10091AE8A /* Debug */,
				06BE52EB252717E10091AE8A /* Release */,
			);
			defaultConfigurationIsVisible = 0;
			defaultConfigurationName = Release;
		};
/* End XCConfigurationList section */
	};
	rootObject = 06BE52B1252717DF0091AE8A /* Project object */;
}
